
Microsoft Visual Studio Solution File, Format Version 12.00
# Visual Studio 2017
Project("{FAE04EC0-301F-11D3-BF4B-00C04F79EFBC}") = "Student sim", "Student sim.csproj", "{9C5F42D5-F408-DE90-8D10-EA751AA7864B}"
EndProject
Project("{FAE04EC0-301F-11D3-BF4B-00C04F79EFBC}") = "Student sim.Plugins", "Student sim.Plugins.csproj", "{98F932DC-A9AC-2FBD-502A-B63540121EC6}"
EndProject
Project("{FAE04EC0-301F-11D3-BF4B-00C04F79EFBC}") = "Student sim.Editor", "Student sim.Editor.csproj", "{C26927EC-68DA-0DBC-6696-42DF194DC571}"
EndProject
Global
	GlobalSection(SolutionConfigurationPlatforms) = preSolution
		Debug|Any CPU = Debug|Any CPU
		Release|Any CPU = Release|Any CPU
	EndGlobalSection
	GlobalSection(ProjectConfigurationPlatforms) = postSolution
		{9C5F42D5-F408-DE90-8D10-EA751AA7864B}.Debug|Any CPU.ActiveCfg = Debug|Any CPU
		{9C5F42D5-F408-DE90-8D10-EA751AA7864B}.Debug|Any CPU.Build.0 = Debug|Any CPU
		{9C5F42D5-F408-DE90-8D10-EA751AA7864B}.Release|Any CPU.ActiveCfg = Release|Any CPU
		{9C5F42D5-F408-DE90-8D10-EA751AA7864B}.Release|Any CPU.Build.0 = Release|Any CPU
		{98F932DC-A9AC-2FBD-502A-B63540121EC6}.Debug|Any CPU.ActiveCfg = Debug|Any CPU
		{98F932DC-A9AC-2FBD-502A-B63540121EC6}.Debug|Any CPU.Build.0 = Debug|Any CPU
		{98F932DC-A9AC-2FBD-502A-B63540121EC6}.Release|Any CPU.ActiveCfg = Release|Any CPU
		{98F932DC-A9AC-2FBD-502A-B63540121EC6}.Release|Any CPU.Build.0 = Release|Any CPU
		{C26927EC-68DA-0DBC-6696-42DF194DC571}.Debug|Any CPU.ActiveCfg = Debug|Any CPU
		{C26927EC-68DA-0DBC-6696-42DF194DC571}.Debug|Any CPU.Build.0 = Debug|Any CPU
		{C26927EC-68DA-0DBC-6696-42DF194DC571}.Release|Any CPU.ActiveCfg = Release|Any CPU
		{C26927EC-68DA-0DBC-6696-42DF194DC571}.Release|Any CPU.Build.0 = Release|Any CPU
	EndGlobalSection
	GlobalSection(SolutionProperties) = preSolution
		HideSolutionNode = FALSE
	EndGlobalSection
EndGlobal
